
Microsoft Visual Studio Solution File, Format Version 12.00
# Visual Studio Version 16
VisualStudioVersion = 16.0.29102.190
MinimumVisualStudioVersion = 10.0.40219.1
Project("{FAE04EC0-301F-11D3-BF4B-00C04F79EFBC}") = "FakeIotApi", "FakeIotApi\FakeIotApi.csproj", "{9F0CC81B-4D0E-491C-A8E4-892C380E9B84}"
EndProject
Global
	GlobalSection(SolutionConfigurationPlatforms) = preSolution
		Debug|Any CPU = Debug|Any CPU
		Release|Any CPU = Release|Any CPU
	EndGlobalSection
	GlobalSection(ProjectConfigurationPlatforms) = postSolution
		{9F0CC81B-4D0E-491C-A8E4-892C380E9B84}.Debug|Any CPU.ActiveCfg = Debug|Any CPU
		{9F0CC81B-4D0E-491C-A8E4-892C380E9B84}.Debug|Any CPU.Build.0 = Debug|Any CPU
		{9F0CC81B-4D0E-491C-A8E4-892C380E9B84}.Release|Any CPU.ActiveCfg = Release|Any CPU
		{9F0CC81B-4D0E-491C-A8E4-892C380E9B84}.Release|Any CPU.Build.0 = Release|Any CPU
	EndGlobalSection
	GlobalSection(SolutionProperties) = preSolution
		HideSolutionNode = FALSE
	EndGlobalSection
	GlobalSection(ExtensibilityGlobals) = postSolution
		SolutionGuid = {0E9144A6-3882-4DBB-9565-19247E3493C0}
	EndGlobalSection
EndGlobal
